
Microsoft Visual Studio Solution File, Format Version 12.00
# Visual Studio Version 16
VisualStudioVersion = 16.0.30114.105
MinimumVisualStudioVersion = 10.0.40219.1
Project("{9A19103F-16F7-4668-BE54-9A1E7A4F7556}") = "InversionOfControlDemo", "InversionOfControlDemo\InversionOfControlDemo.csproj", "{CAF4D323-16B5-473C-838F-EC0705C0702F}"
EndProject
Project("{FAE04EC0-301F-11D3-BF4B-00C04F79EFBC}") = "InversionOfControlDemoUnitTests", "InversionOfControlDemoUnitTests\InversionOfControlDemoUnitTests.csproj", "{F88D34F7-2255-4E41-9571-035D8336BAB2}"
EndProject
Project("{2150E333-8FDC-42A3-9474-1A3956D46DE8}") = "Solution Items", "Solution Items", "{791F1E25-3FA9-42F0-AC52-97AC8B50A17E}"
	ProjectSection(SolutionItems) = preProject
		..\README.md = ..\README.md
	EndProjectSection
EndProject
Global
	GlobalSection(SolutionConfigurationPlatforms) = preSolution
		Debug|Any CPU = Debug|Any CPU
		Release|Any CPU = Release|Any CPU
	EndGlobalSection
	GlobalSection(ProjectConfigurationPlatforms) = postSolution
		{CAF4D323-16B5-473C-838F-EC0705C0702F}.Debug|Any CPU.ActiveCfg = Debug|Any CPU
		{CAF4D323-16B5-473C-838F-EC0705C0702F}.Debug|Any CPU.Build.0 = Debug|Any CPU
		{CAF4D323-16B5-473C-838F-EC0705C0702F}.Release|Any CPU.ActiveCfg = Release|Any CPU
		{CAF4D323-16B5-473C-838F-EC0705C0702F}.Release|Any CPU.Build.0 = Release|Any CPU
		{F88D34F7-2255-4E41-9571-035D8336BAB2}.Debug|Any CPU.ActiveCfg = Debug|Any CPU
		{F88D34F7-2255-4E41-9571-035D8336BAB2}.Debug|Any CPU.Build.0 = Debug|Any CPU
		{F88D34F7-2255-4E41-9571-035D8336BAB2}.Release|Any CPU.ActiveCfg = Release|Any CPU
		{F88D34F7-2255-4E41-9571-035D8336BAB2}.Release|Any CPU.Build.0 = Release|Any CPU
	EndGlobalSection
	GlobalSection(SolutionProperties) = preSolution
		HideSolutionNode = FALSE
	EndGlobalSection
	GlobalSection(ExtensibilityGlobals) = postSolution
		SolutionGuid = {3127F649-52E2-4E87-ACC5-02A1E57DCD6D}
	EndGlobalSection
EndGlobal
